
Microsoft Visual Studio Solution File, Format Version 12.00
# Visual Studio Version 17
VisualStudioVersion = 17.4.33213.308
MinimumVisualStudioVersion = 10.0.40219.1
Project("{FAE04EC0-301F-11D3-BF4B-00C04F79EFBC}") = "ExamenED_EESA", "ExamenED_EESA.csproj", "{B4BE0101-53C9-4BA1-8CD2-21C9A4F24E84}"
EndProject
Global
	GlobalSection(SolutionConfigurationPlatforms) = preSolution
		Debug|Any CPU = Debug|Any CPU
		Release|Any CPU = Release|Any CPU
	EndGlobalSection
	GlobalSection(ProjectConfigurationPlatforms) = postSolution
		{B4BE0101-53C9-4BA1-8CD2-21C9A4F24E84}.Debug|Any CPU.ActiveCfg = Debug|Any CPU
		{B4BE0101-53C9-4BA1-8CD2-21C9A4F24E84}.Debug|Any CPU.Build.0 = Debug|Any CPU
		{B4BE0101-53C9-4BA1-8CD2-21C9A4F24E84}.Release|Any CPU.ActiveCfg = Release|Any CPU
		{B4BE0101-53C9-4BA1-8CD2-21C9A4F24E84}.Release|Any CPU.Build.0 = Release|Any CPU
	EndGlobalSection
	GlobalSection(SolutionProperties) = preSolution
		HideSolutionNode = FALSE
	EndGlobalSection
	GlobalSection(ExtensibilityGlobals) = postSolution
		SolutionGuid = {25F4F36C-6FBB-4EDD-A906-A903693EEC34}
	EndGlobalSection
EndGlobal
